
Microsoft Visual Studio Solution File, Format Version 12.00
# Visual Studio Version 17
VisualStudioVersion = 17.5.002.0
MinimumVisualStudioVersion = 10.0.40219.1
Project("{9A19103F-16F7-4668-BE54-9A1E7A4F7556}") = "CleanArchitecture.WebAPI", "CleanArchitecture.WebAPI.csproj", "{217A1A6D-42B8-4E21-B69E-51158C0FEDEE}"
EndProject
Global
	GlobalSection(SolutionConfigurationPlatforms) = preSolution
		Debug|Any CPU = Debug|Any CPU
		Release|Any CPU = Release|Any CPU
	EndGlobalSection
	GlobalSection(ProjectConfigurationPlatforms) = postSolution
		{217A1A6D-42B8-4E21-B69E-51158C0FEDEE}.Debug|Any CPU.ActiveCfg = Debug|Any CPU
		{217A1A6D-42B8-4E21-B69E-51158C0FEDEE}.Debug|Any CPU.Build.0 = Debug|Any CPU
		{217A1A6D-42B8-4E21-B69E-51158C0FEDEE}.Release|Any CPU.ActiveCfg = Release|Any CPU
		{217A1A6D-42B8-4E21-B69E-51158C0FEDEE}.Release|Any CPU.Build.0 = Release|Any CPU
	EndGlobalSection
	GlobalSection(SolutionProperties) = preSolution
		HideSolutionNode = FALSE
	EndGlobalSection
	GlobalSection(ExtensibilityGlobals) = postSolution
		SolutionGuid = {3F89DD55-3A9F-4C28-89C0-D6997C99F2A9}
	EndGlobalSection
EndGlobal
